
Microsoft Visual Studio Solution File, Format Version 12.00
# Visual Studio Version 17
VisualStudioVersion = 17.9.34723.18
MinimumVisualStudioVersion = 10.0.40219.1
Project("{8BC9CEB8-8B4A-11D0-8D11-00A0C91BC942}") = "SampleApp", "SampleApp\SampleApp.vcxproj", "{237C6137-3122-4A78-B70E-08654C0EE371}"
EndProject
Project("{8BC9CEB8-8B4A-11D0-8D11-00A0C91BC942}") = "WellBakedEngineLib", "WellBakedEngineLib\WellBakedEngineLib.vcxproj", "{EC6D9CA4-62A6-47B0-9B95-9E94F2060093}"
EndProject
Global
	GlobalSection(SolutionConfigurationPlatforms) = preSolution
		Debug|x64 = Debug|x64
		Debug|x86 = Debug|x86
		Release|x64 = Release|x64
		Release|x86 = Release|x86
	EndGlobalSection
	GlobalSection(ProjectConfigurationPlatforms) = postSolution
		{237C6137-3122-4A78-B70E-08654C0EE371}.Debug|x64.ActiveCfg = Debug|x64
		{237C6137-3122-4A78-B70E-08654C0EE371}.Debug|x64.Build.0 = Debug|x64
		{237C6137-3122-4A78-B70E-08654C0EE371}.Debug|x86.ActiveCfg = Debug|Win32
		{237C6137-3122-4A78-B70E-08654C0EE371}.Debug|x86.Build.0 = Debug|Win32
		{237C6137-3122-4A78-B70E-08654C0EE371}.Release|x64.ActiveCfg = Release|x64
		{237C6137-3122-4A78-B70E-08654C0EE371}.Release|x64.Build.0 = Release|x64
		{237C6137-3122-4A78-B70E-08654C0EE371}.Release|x86.ActiveCfg = Release|Win32
		{237C6137-3122-4A78-B70E-08654C0EE371}.Release|x86.Build.0 = Release|Win32
		{EC6D9CA4-62A6-47B0-9B95-9E94F2060093}.Debug|x64.ActiveCfg = Debug|x64
		{EC6D9CA4-62A6-47B0-9B95-9E94F2060093}.Debug|x64.Build.0 = Debug|x64
		{EC6D9CA4-62A6-47B0-9B95-9E94F2060093}.Debug|x86.ActiveCfg = Debug|Win32
		{EC6D9CA4-62A6-47B0-9B95-9E94F2060093}.Debug|x86.Build.0 = Debug|Win32
		{EC6D9CA4-62A6-47B0-9B95-9E94F2060093}.Release|x64.ActiveCfg = Release|x64
		{EC6D9CA4-62A6-47B0-9B95-9E94F2060093}.Release|x64.Build.0 = Release|x64
		{EC6D9CA4-62A6-47B0-9B95-9E94F2060093}.Release|x86.ActiveCfg = Release|Win32
		{EC6D9CA4-62A6-47B0-9B95-9E94F2060093}.Release|x86.Build.0 = Release|Win32
	EndGlobalSection
	GlobalSection(SolutionProperties) = preSolution
		HideSolutionNode = FALSE
	EndGlobalSection
	GlobalSection(ExtensibilityGlobals) = postSolution
		SolutionGuid = {65B92983-C97E-4A32-8888-D97D3005FE6A}
	EndGlobalSection
EndGlobal
