<?xml version="1.0" encoding="utf-8"?>
<Project ToolsVersion="4.0" xmlns="http://schemas.microsoft.com/developer/msbuild/2003">
  <ItemGroup>
    <ClInclude Include="include\engine.h" />
    <ClInclude Include="include\graphics.h" />
    <ClInclude Include="include\input.h" />
    <ClInclude Include="include\logger.h" />
    <ClInclude Include="include\configuration\iniconfiguration.h">
      <Filter>configuration</Filter>
    </ClInclude>
    <ClInclude Include="include\dx\direct3d.h">
      <Filter>dx</Filter>
    </ClInclude>
    <ClInclude Include="include\dx\color_shader.h">
      <Filter>dx</Filter>
    </ClInclude>
  </ItemGroup>
  <ItemGroup>
    <ClCompile Include="src\input.cpp" />
    <ClCompile Include="src\graphics.cpp" />
    <ClCompile Include="src\engine.cpp" />
    <ClCompile Include="src\logger.cpp" />
    <ClCompile Include="src\configuration\iniconfiguration.cpp">
      <Filter>configuration</Filter>
    </ClCompile>
    <ClCompile Include="src\dx\direct3d.cpp">
      <Filter>dx</Filter>
    </ClCompile>
    <ClCompile Include="src\dx\color_shader.cpp">
      <Filter>dx</Filter>
    </ClCompile>
  </ItemGroup>
  <ItemGroup>
    <Filter Include="configuration">
      <UniqueIdentifier>{b0ecff99-6fca-42bb-9bb6-b2e269460f31}</UniqueIdentifier>
    </Filter>
    <Filter Include="dx">
      <UniqueIdentifier>{1aca4e1e-e876-40c8-958a-71aeec77e1d8}</UniqueIdentifier>
    </Filter>
    <Filter Include="hlsl">
      <UniqueIdentifier>{ec83d913-1ccb-403b-9927-68d076d336af}</UniqueIdentifier>
    </Filter>
  </ItemGroup>
  <ItemGroup>
    <None Include="hlsl\color.vs">
      <Filter>hlsl</Filter>
    </None>
    <None Include="hlsl\color.ps">
      <Filter>hlsl</Filter>
    </None>
  </ItemGroup>
</Project>